
Microsoft Visual Studio Solution File, Format Version 12.00
# Visual Studio 15
VisualStudioVersion = 15.0.28307.489
MinimumVisualStudioVersion = 10.0.40219.1
Project("{F184B08F-C81C-45F6-A57F-5ABD9991F28F}") = "CarWashSystemProject", "CarWashSystemProject\CarWashSystemProject.vbproj", "{33194F49-94BB-41C8-8501-1882A4A6CEB2}"
EndProject
Global
	GlobalSection(SolutionConfigurationPlatforms) = preSolution
		Debug|Any CPU = Debug|Any CPU
		Release|Any CPU = Release|Any CPU
	EndGlobalSection
	GlobalSection(ProjectConfigurationPlatforms) = postSolution
		{33194F49-94BB-41C8-8501-1882A4A6CEB2}.Debug|Any CPU.ActiveCfg = Debug|Any CPU
		{33194F49-94BB-41C8-8501-1882A4A6CEB2}.Debug|Any CPU.Build.0 = Debug|Any CPU
		{33194F49-94BB-41C8-8501-1882A4A6CEB2}.Release|Any CPU.ActiveCfg = Release|Any CPU
		{33194F49-94BB-41C8-8501-1882A4A6CEB2}.Release|Any CPU.Build.0 = Release|Any CPU
	EndGlobalSection
	GlobalSection(SolutionProperties) = preSolution
		HideSolutionNode = FALSE
	EndGlobalSection
	GlobalSection(ExtensibilityGlobals) = postSolution
		SolutionGuid = {2BBFC9D4-EBAF-47D3-AE3D-058EDCFFC810}
	EndGlobalSection
EndGlobal
